
Microsoft Visual Studio Solution File, Format Version 12.00
# Visual Studio 15
VisualStudioVersion = 15.0.28010.2046
MinimumVisualStudioVersion = 10.0.40219.1
Project("{FAE04EC0-301F-11D3-BF4B-00C04F79EFBC}") = "SubaruBRZSimul", "SubaruBRZSimul.csproj", "{4210AFCF-6DE5-42B2-9048-0D6E9BA763E4}"
EndProject
Project("{2150E333-8FDC-42A3-9474-1A3956D46DE8}") = "NuGet", "NuGet", "{CC7C9FE9-C63E-4175-9639-431DB016FC9F}"
	ProjectSection(SolutionItems) = preProject
		nuget.config = nuget.config
	EndProjectSection
EndProject
Global
	GlobalSection(SolutionConfigurationPlatforms) = preSolution
		Debug|Any CPU = Debug|Any CPU
		Debug|x64 = Debug|x64
		Release|Any CPU = Release|Any CPU
		Release|x64 = Release|x64
	EndGlobalSection
	GlobalSection(ProjectConfigurationPlatforms) = postSolution
		{4210AFCF-6DE5-42B2-9048-0D6E9BA763E4}.Debug|Any CPU.ActiveCfg = Debug|Any CPU
		{4210AFCF-6DE5-42B2-9048-0D6E9BA763E4}.Debug|Any CPU.Build.0 = Debug|Any CPU
		{4210AFCF-6DE5-42B2-9048-0D6E9BA763E4}.Debug|x64.ActiveCfg = Debug|Any CPU
		{4210AFCF-6DE5-42B2-9048-0D6E9BA763E4}.Debug|x64.Build.0 = Debug|Any CPU
		{4210AFCF-6DE5-42B2-9048-0D6E9BA763E4}.Release|Any CPU.ActiveCfg = Release|Any CPU
		{4210AFCF-6DE5-42B2-9048-0D6E9BA763E4}.Release|Any CPU.Build.0 = Release|Any CPU
		{4210AFCF-6DE5-42B2-9048-0D6E9BA763E4}.Release|x64.ActiveCfg = Release|Any CPU
		{4210AFCF-6DE5-42B2-9048-0D6E9BA763E4}.Release|x64.Build.0 = Release|Any CPU
	EndGlobalSection
	GlobalSection(SolutionProperties) = preSolution
		HideSolutionNode = FALSE
	EndGlobalSection
	GlobalSection(ExtensibilityGlobals) = postSolution
		SolutionGuid = {6016E360-D2EA-4037-8D24-D88975C0DBCD}
	EndGlobalSection
EndGlobal
