
Microsoft Visual Studio Solution File, Format Version 12.00
# Visual Studio Version 16
VisualStudioVersion = 16.0.31410.357
MinimumVisualStudioVersion = 10.0.40219.1
Project("{FAE04EC0-301F-11D3-BF4B-00C04F79EFBC}") = "BenchmarkUWP", "Benchmark2019\BenchmarkUWP\BenchmarkUWP.csproj", "{CBCCE962-146E-439F-9E62-E9037CE18CBA}"
EndProject
Project("{FAE04EC0-301F-11D3-BF4B-00C04F79EFBC}") = "BenchmarkWinForm", "Benchmark2019\BenchmarkWinForm\BenchmarkWinForm.csproj", "{F5C32B92-5A41-4DF9-9EA0-25B44FC254DF}"
EndProject
Project("{FAE04EC0-301F-11D3-BF4B-00C04F79EFBC}") = "BenchmarkWPF", "Benchmark2019\BenchmarkWPF\BenchmarkWPF.csproj", "{3E5B117C-7710-4829-B519-A0696D4E514B}"
EndProject
Project("{FAE04EC0-301F-11D3-BF4B-00C04F79EFBC}") = "StandardSeriesUWPDemo", "StandardSeriesDemoSTD\UniversalWindowsPlatform\StandardSeriesUWPDemo.csproj", "{3A3B8B72-DA64-42D6-9783-C9141BA0D095}"
EndProject
Project("{FAE04EC0-301F-11D3-BF4B-00C04F79EFBC}") = "StandardSeriesDemo", "StandardSeriesDemoSTD\WindowsForms\StandardSeriesDemo.csproj", "{81F2455D-2416-4201-A08B-FF3F0AE3B3B8}"
EndProject
Project("{FAE04EC0-301F-11D3-BF4B-00C04F79EFBC}") = "StandardSeriesWPFDemo", "StandardSeriesDemoSTD\WindowsPresentationFramework\StandardSeriesWPFDemo.csproj", "{2A418D9E-2BCA-438A-8ED4-2D08C1837D63}"
EndProject
Project("{FAE04EC0-301F-11D3-BF4B-00C04F79EFBC}") = "SubaruBRZUWP", "SubaruBRZSTD\UniversalWindowsPlatform\SubaruBRZUWP.csproj", "{00EAF632-037C-4124-B828-D7BDF6EC3AD1}"
EndProject
Project("{FAE04EC0-301F-11D3-BF4B-00C04F79EFBC}") = "SubaruBRZSimul", "SubaruBRZSTD\WindowsForms\SubaruBRZSimul.csproj", "{4210AFCF-6DE5-42B2-9048-0D6E9BA763E4}"
EndProject
Project("{FAE04EC0-301F-11D3-BF4B-00C04F79EFBC}") = "SubaruBRZWPF", "SubaruBRZSTD\WindowsPresentationFramework\SubaruBRZWPF.csproj", "{0CCE320A-C032-4A0E-9E87-676CB3862B4A}"
EndProject
Global
	GlobalSection(SolutionConfigurationPlatforms) = preSolution
		Debug|Any CPU = Debug|Any CPU
		Debug|ARM = Debug|ARM
		Debug|ARM64 = Debug|ARM64
		Debug|x64 = Debug|x64
		Debug|x86 = Debug|x86
		Release|Any CPU = Release|Any CPU
		Release|ARM = Release|ARM
		Release|ARM64 = Release|ARM64
		Release|x64 = Release|x64
		Release|x86 = Release|x86
	EndGlobalSection
	GlobalSection(ProjectConfigurationPlatforms) = postSolution
		{CBCCE962-146E-439F-9E62-E9037CE18CBA}.Debug|Any CPU.ActiveCfg = Debug|x86
		{CBCCE962-146E-439F-9E62-E9037CE18CBA}.Debug|Any CPU.Build.0 = Debug|x86
		{CBCCE962-146E-439F-9E62-E9037CE18CBA}.Debug|Any CPU.Deploy.0 = Debug|x86
		{CBCCE962-146E-439F-9E62-E9037CE18CBA}.Debug|ARM.ActiveCfg = Debug|ARM
		{CBCCE962-146E-439F-9E62-E9037CE18CBA}.Debug|ARM.Build.0 = Debug|ARM
		{CBCCE962-146E-439F-9E62-E9037CE18CBA}.Debug|ARM.Deploy.0 = Debug|ARM
		{CBCCE962-146E-439F-9E62-E9037CE18CBA}.Debug|ARM64.ActiveCfg = Debug|ARM64
		{CBCCE962-146E-439F-9E62-E9037CE18CBA}.Debug|ARM64.Build.0 = Debug|ARM64
		{CBCCE962-146E-439F-9E62-E9037CE18CBA}.Debug|ARM64.Deploy.0 = Debug|ARM64
		{CBCCE962-146E-439F-9E62-E9037CE18CBA}.Debug|x64.ActiveCfg = Debug|x64
		{CBCCE962-146E-439F-9E62-E9037CE18CBA}.Debug|x64.Build.0 = Debug|x64
		{CBCCE962-146E-439F-9E62-E9037CE18CBA}.Debug|x64.Deploy.0 = Debug|x64
		{CBCCE962-146E-439F-9E62-E9037CE18CBA}.Debug|x86.ActiveCfg = Debug|x86
		{CBCCE962-146E-439F-9E62-E9037CE18CBA}.Debug|x86.Build.0 = Debug|x86
		{CBCCE962-146E-439F-9E62-E9037CE18CBA}.Debug|x86.Deploy.0 = Debug|x86
		{CBCCE962-146E-439F-9E62-E9037CE18CBA}.Release|Any CPU.ActiveCfg = Release|x86
		{CBCCE962-146E-439F-9E62-E9037CE18CBA}.Release|ARM.ActiveCfg = Release|ARM
		{CBCCE962-146E-439F-9E62-E9037CE18CBA}.Release|ARM.Build.0 = Release|ARM
		{CBCCE962-146E-439F-9E62-E9037CE18CBA}.Release|ARM.Deploy.0 = Release|ARM
		{CBCCE962-146E-439F-9E62-E9037CE18CBA}.Release|ARM64.ActiveCfg = Release|ARM64
		{CBCCE962-146E-439F-9E62-E9037CE18CBA}.Release|ARM64.Build.0 = Release|ARM64
		{CBCCE962-146E-439F-9E62-E9037CE18CBA}.Release|ARM64.Deploy.0 = Release|ARM64
		{CBCCE962-146E-439F-9E62-E9037CE18CBA}.Release|x64.ActiveCfg = Release|x64
		{CBCCE962-146E-439F-9E62-E9037CE18CBA}.Release|x64.Build.0 = Release|x64
		{CBCCE962-146E-439F-9E62-E9037CE18CBA}.Release|x64.Deploy.0 = Release|x64
		{CBCCE962-146E-439F-9E62-E9037CE18CBA}.Release|x86.ActiveCfg = Release|x86
		{CBCCE962-146E-439F-9E62-E9037CE18CBA}.Release|x86.Build.0 = Release|x86
		{CBCCE962-146E-439F-9E62-E9037CE18CBA}.Release|x86.Deploy.0 = Release|x86
		{F5C32B92-5A41-4DF9-9EA0-25B44FC254DF}.Debug|Any CPU.ActiveCfg = Debug|Any CPU
		{F5C32B92-5A41-4DF9-9EA0-25B44FC254DF}.Debug|Any CPU.Build.0 = Debug|Any CPU
		{F5C32B92-5A41-4DF9-9EA0-25B44FC254DF}.Debug|ARM.ActiveCfg = Debug|Any CPU
		{F5C32B92-5A41-4DF9-9EA0-25B44FC254DF}.Debug|ARM.Build.0 = Debug|Any CPU
		{F5C32B92-5A41-4DF9-9EA0-25B44FC254DF}.Debug|ARM64.ActiveCfg = Debug|Any CPU
		{F5C32B92-5A41-4DF9-9EA0-25B44FC254DF}.Debug|ARM64.Build.0 = Debug|Any CPU
		{F5C32B92-5A41-4DF9-9EA0-25B44FC254DF}.Debug|x64.ActiveCfg = Debug|Any CPU
		{F5C32B92-5A41-4DF9-9EA0-25B44FC254DF}.Debug|x64.Build.0 = Debug|Any CPU
		{F5C32B92-5A41-4DF9-9EA0-25B44FC254DF}.Debug|x86.ActiveCfg = Debug|Any CPU
		{F5C32B92-5A41-4DF9-9EA0-25B44FC254DF}.Debug|x86.Build.0 = Debug|Any CPU
		{F5C32B92-5A41-4DF9-9EA0-25B44FC254DF}.Release|Any CPU.ActiveCfg = Release|Any CPU
		{F5C32B92-5A41-4DF9-9EA0-25B44FC254DF}.Release|Any CPU.Build.0 = Release|Any CPU
		{F5C32B92-5A41-4DF9-9EA0-25B44FC254DF}.Release|ARM.ActiveCfg = Release|Any CPU
		{F5C32B92-5A41-4DF9-9EA0-25B44FC254DF}.Release|ARM.Build.0 = Release|Any CPU
		{F5C32B92-5A41-4DF9-9EA0-25B44FC254DF}.Release|ARM64.ActiveCfg = Release|Any CPU
		{F5C32B92-5A41-4DF9-9EA0-25B44FC254DF}.Release|ARM64.Build.0 = Release|Any CPU
		{F5C32B92-5A41-4DF9-9EA0-25B44FC254DF}.Release|x64.ActiveCfg = Release|Any CPU
		{F5C32B92-5A41-4DF9-9EA0-25B44FC254DF}.Release|x64.Build.0 = Release|Any CPU
		{F5C32B92-5A41-4DF9-9EA0-25B44FC254DF}.Release|x86.ActiveCfg = Release|Any CPU
		{F5C32B92-5A41-4DF9-9EA0-25B44FC254DF}.Release|x86.Build.0 = Release|Any CPU
		{3E5B117C-7710-4829-B519-A0696D4E514B}.Debug|Any CPU.ActiveCfg = Debug|Any CPU
		{3E5B117C-7710-4829-B519-A0696D4E514B}.Debug|Any CPU.Build.0 = Debug|Any CPU
		{3E5B117C-7710-4829-B519-A0696D4E514B}.Debug|ARM.ActiveCfg = Debug|Any CPU
		{3E5B117C-7710-4829-B519-A0696D4E514B}.Debug|ARM.Build.0 = Debug|Any CPU
		{3E5B117C-7710-4829-B519-A0696D4E514B}.Debug|ARM64.ActiveCfg = Debug|Any CPU
		{3E5B117C-7710-4829-B519-A0696D4E514B}.Debug|ARM64.Build.0 = Debug|Any CPU
		{3E5B117C-7710-4829-B519-A0696D4E514B}.Debug|x64.ActiveCfg = Debug|Any CPU
		{3E5B117C-7710-4829-B519-A0696D4E514B}.Debug|x64.Build.0 = Debug|Any CPU
		{3E5B117C-7710-4829-B519-A0696D4E514B}.Debug|x86.ActiveCfg = Debug|Any CPU
		{3E5B117C-7710-4829-B519-A0696D4E514B}.Debug|x86.Build.0 = Debug|Any CPU
		{3E5B117C-7710-4829-B519-A0696D4E514B}.Release|Any CPU.ActiveCfg = Release|Any CPU
		{3E5B117C-7710-4829-B519-A0696D4E514B}.Release|Any CPU.Build.0 = Release|Any CPU
		{3E5B117C-7710-4829-B519-A0696D4E514B}.Release|ARM.ActiveCfg = Release|Any CPU
		{3E5B117C-7710-4829-B519-A0696D4E514B}.Release|ARM.Build.0 = Release|Any CPU
		{3E5B117C-7710-4829-B519-A0696D4E514B}.Release|ARM64.ActiveCfg = Release|Any CPU
		{3E5B117C-7710-4829-B519-A0696D4E514B}.Release|ARM64.Build.0 = Release|Any CPU
		{3E5B117C-7710-4829-B519-A0696D4E514B}.Release|x64.ActiveCfg = Release|Any CPU
		{3E5B117C-7710-4829-B519-A0696D4E514B}.Release|x64.Build.0 = Release|Any CPU
		{3E5B117C-7710-4829-B519-A0696D4E514B}.Release|x86.ActiveCfg = Release|Any CPU
		{3E5B117C-7710-4829-B519-A0696D4E514B}.Release|x86.Build.0 = Release|Any CPU
		{3A3B8B72-DA64-42D6-9783-C9141BA0D095}.Debug|Any CPU.ActiveCfg = Debug|x86
		{3A3B8B72-DA64-42D6-9783-C9141BA0D095}.Debug|Any CPU.Build.0 = Debug|x86
		{3A3B8B72-DA64-42D6-9783-C9141BA0D095}.Debug|Any CPU.Deploy.0 = Debug|x86
		{3A3B8B72-DA64-42D6-9783-C9141BA0D095}.Debug|ARM.ActiveCfg = Debug|ARM
		{3A3B8B72-DA64-42D6-9783-C9141BA0D095}.Debug|ARM.Build.0 = Debug|ARM
		{3A3B8B72-DA64-42D6-9783-C9141BA0D095}.Debug|ARM.Deploy.0 = Debug|ARM
		{3A3B8B72-DA64-42D6-9783-C9141BA0D095}.Debug|ARM64.ActiveCfg = Debug|x86
		{3A3B8B72-DA64-42D6-9783-C9141BA0D095}.Debug|x64.ActiveCfg = Debug|x64
		{3A3B8B72-DA64-42D6-9783-C9141BA0D095}.Debug|x64.Build.0 = Debug|x64
		{3A3B8B72-DA64-42D6-9783-C9141BA0D095}.Debug|x64.Deploy.0 = Debug|x64
		{3A3B8B72-DA64-42D6-9783-C9141BA0D095}.Debug|x86.ActiveCfg = Debug|x86
		{3A3B8B72-DA64-42D6-9783-C9141BA0D095}.Debug|x86.Build.0 = Debug|x86
		{3A3B8B72-DA64-42D6-9783-C9141BA0D095}.Debug|x86.Deploy.0 = Debug|x86
		{3A3B8B72-DA64-42D6-9783-C9141BA0D095}.Release|Any CPU.ActiveCfg = Release|x86
		{3A3B8B72-DA64-42D6-9783-C9141BA0D095}.Release|ARM.ActiveCfg = Release|ARM
		{3A3B8B72-DA64-42D6-9783-C9141BA0D095}.Release|ARM.Build.0 = Release|ARM
		{3A3B8B72-DA64-42D6-9783-C9141BA0D095}.Release|ARM.Deploy.0 = Release|ARM
		{3A3B8B72-DA64-42D6-9783-C9141BA0D095}.Release|ARM64.ActiveCfg = Release|x86
		{3A3B8B72-DA64-42D6-9783-C9141BA0D095}.Release|x64.ActiveCfg = Release|x64
		{3A3B8B72-DA64-42D6-9783-C9141BA0D095}.Release|x64.Build.0 = Release|x64
		{3A3B8B72-DA64-42D6-9783-C9141BA0D095}.Release|x64.Deploy.0 = Release|x64
		{3A3B8B72-DA64-42D6-9783-C9141BA0D095}.Release|x86.ActiveCfg = Release|x86
		{3A3B8B72-DA64-42D6-9783-C9141BA0D095}.Release|x86.Build.0 = Release|x86
		{3A3B8B72-DA64-42D6-9783-C9141BA0D095}.Release|x86.Deploy.0 = Release|x86
		{81F2455D-2416-4201-A08B-FF3F0AE3B3B8}.Debug|Any CPU.ActiveCfg = Debug|Any CPU
		{81F2455D-2416-4201-A08B-FF3F0AE3B3B8}.Debug|Any CPU.Build.0 = Debug|Any CPU
		{81F2455D-2416-4201-A08B-FF3F0AE3B3B8}.Debug|ARM.ActiveCfg = Debug|Any CPU
		{81F2455D-2416-4201-A08B-FF3F0AE3B3B8}.Debug|ARM.Build.0 = Debug|Any CPU
		{81F2455D-2416-4201-A08B-FF3F0AE3B3B8}.Debug|ARM64.ActiveCfg = Debug|Any CPU
		{81F2455D-2416-4201-A08B-FF3F0AE3B3B8}.Debug|ARM64.Build.0 = Debug|Any CPU
		{81F2455D-2416-4201-A08B-FF3F0AE3B3B8}.Debug|x64.ActiveCfg = Debug|Any CPU
		{81F2455D-2416-4201-A08B-FF3F0AE3B3B8}.Debug|x64.Build.0 = Debug|Any CPU
		{81F2455D-2416-4201-A08B-FF3F0AE3B3B8}.Debug|x86.ActiveCfg = Debug|x86
		{81F2455D-2416-4201-A08B-FF3F0AE3B3B8}.Debug|x86.Build.0 = Debug|x86
		{81F2455D-2416-4201-A08B-FF3F0AE3B3B8}.Release|Any CPU.ActiveCfg = Release|Any CPU
		{81F2455D-2416-4201-A08B-FF3F0AE3B3B8}.Release|Any CPU.Build.0 = Release|Any CPU
		{81F2455D-2416-4201-A08B-FF3F0AE3B3B8}.Release|ARM.ActiveCfg = Release|Any CPU
		{81F2455D-2416-4201-A08B-FF3F0AE3B3B8}.Release|ARM.Build.0 = Release|Any CPU
		{81F2455D-2416-4201-A08B-FF3F0AE3B3B8}.Release|ARM64.ActiveCfg = Release|Any CPU
		{81F2455D-2416-4201-A08B-FF3F0AE3B3B8}.Release|ARM64.Build.0 = Release|Any CPU
		{81F2455D-2416-4201-A08B-FF3F0AE3B3B8}.Release|x64.ActiveCfg = Release|Any CPU
		{81F2455D-2416-4201-A08B-FF3F0AE3B3B8}.Release|x64.Build.0 = Release|Any CPU
		{81F2455D-2416-4201-A08B-FF3F0AE3B3B8}.Release|x86.ActiveCfg = Release|x86
		{81F2455D-2416-4201-A08B-FF3F0AE3B3B8}.Release|x86.Build.0 = Release|x86
		{2A418D9E-2BCA-438A-8ED4-2D08C1837D63}.Debug|Any CPU.ActiveCfg = Debug|Any CPU
		{2A418D9E-2BCA-438A-8ED4-2D08C1837D63}.Debug|Any CPU.Build.0 = Debug|Any CPU
		{2A418D9E-2BCA-438A-8ED4-2D08C1837D63}.Debug|ARM.ActiveCfg = Debug|Any CPU
		{2A418D9E-2BCA-438A-8ED4-2D08C1837D63}.Debug|ARM.Build.0 = Debug|Any CPU
		{2A418D9E-2BCA-438A-8ED4-2D08C1837D63}.Debug|ARM64.ActiveCfg = Debug|Any CPU
		{2A418D9E-2BCA-438A-8ED4-2D08C1837D63}.Debug|ARM64.Build.0 = Debug|Any CPU
		{2A418D9E-2BCA-438A-8ED4-2D08C1837D63}.Debug|x64.ActiveCfg = Debug|Any CPU
		{2A418D9E-2BCA-438A-8ED4-2D08C1837D63}.Debug|x64.Build.0 = Debug|Any CPU
		{2A418D9E-2BCA-438A-8ED4-2D08C1837D63}.Debug|x86.ActiveCfg = Debug|Any CPU
		{2A418D9E-2BCA-438A-8ED4-2D08C1837D63}.Debug|x86.Build.0 = Debug|Any CPU
		{2A418D9E-2BCA-438A-8ED4-2D08C1837D63}.Release|Any CPU.ActiveCfg = Release|Any CPU
		{2A418D9E-2BCA-438A-8ED4-2D08C1837D63}.Release|Any CPU.Build.0 = Release|Any CPU
		{2A418D9E-2BCA-438A-8ED4-2D08C1837D63}.Release|ARM.ActiveCfg = Release|Any CPU
		{2A418D9E-2BCA-438A-8ED4-2D08C1837D63}.Release|ARM.Build.0 = Release|Any CPU
		{2A418D9E-2BCA-438A-8ED4-2D08C1837D63}.Release|ARM64.ActiveCfg = Release|Any CPU
		{2A418D9E-2BCA-438A-8ED4-2D08C1837D63}.Release|ARM64.Build.0 = Release|Any CPU
		{2A418D9E-2BCA-438A-8ED4-2D08C1837D63}.Release|x64.ActiveCfg = Release|Any CPU
		{2A418D9E-2BCA-438A-8ED4-2D08C1837D63}.Release|x64.Build.0 = Release|Any CPU
		{2A418D9E-2BCA-438A-8ED4-2D08C1837D63}.Release|x86.ActiveCfg = Release|Any CPU
		{2A418D9E-2BCA-438A-8ED4-2D08C1837D63}.Release|x86.Build.0 = Release|Any CPU
		{00EAF632-037C-4124-B828-D7BDF6EC3AD1}.Debug|Any CPU.ActiveCfg = Debug|x86
		{00EAF632-037C-4124-B828-D7BDF6EC3AD1}.Debug|Any CPU.Build.0 = Debug|x86
		{00EAF632-037C-4124-B828-D7BDF6EC3AD1}.Debug|Any CPU.Deploy.0 = Debug|x86
		{00EAF632-037C-4124-B828-D7BDF6EC3AD1}.Debug|ARM.ActiveCfg = Debug|ARM
		{00EAF632-037C-4124-B828-D7BDF6EC3AD1}.Debug|ARM.Build.0 = Debug|ARM
		{00EAF632-037C-4124-B828-D7BDF6EC3AD1}.Debug|ARM.Deploy.0 = Debug|ARM
		{00EAF632-037C-4124-B828-D7BDF6EC3AD1}.Debug|ARM64.ActiveCfg = Debug|x86
		{00EAF632-037C-4124-B828-D7BDF6EC3AD1}.Debug|x64.ActiveCfg = Debug|x64
		{00EAF632-037C-4124-B828-D7BDF6EC3AD1}.Debug|x64.Build.0 = Debug|x64
		{00EAF632-037C-4124-B828-D7BDF6EC3AD1}.Debug|x64.Deploy.0 = Debug|x64
		{00EAF632-037C-4124-B828-D7BDF6EC3AD1}.Debug|x86.ActiveCfg = Debug|x86
		{00EAF632-037C-4124-B828-D7BDF6EC3AD1}.Debug|x86.Build.0 = Debug|x86
		{00EAF632-037C-4124-B828-D7BDF6EC3AD1}.Debug|x86.Deploy.0 = Debug|x86
		{00EAF632-037C-4124-B828-D7BDF6EC3AD1}.Release|Any CPU.ActiveCfg = Release|x86
		{00EAF632-037C-4124-B828-D7BDF6EC3AD1}.Release|ARM.ActiveCfg = Release|ARM
		{00EAF632-037C-4124-B828-D7BDF6EC3AD1}.Release|ARM.Build.0 = Release|ARM
		{00EAF632-037C-4124-B828-D7BDF6EC3AD1}.Release|ARM.Deploy.0 = Release|ARM
		{00EAF632-037C-4124-B828-D7BDF6EC3AD1}.Release|ARM64.ActiveCfg = Release|x86
		{00EAF632-037C-4124-B828-D7BDF6EC3AD1}.Release|x64.ActiveCfg = Release|x64
		{00EAF632-037C-4124-B828-D7BDF6EC3AD1}.Release|x64.Build.0 = Release|x64
		{00EAF632-037C-4124-B828-D7BDF6EC3AD1}.Release|x64.Deploy.0 = Release|x64
		{00EAF632-037C-4124-B828-D7BDF6EC3AD1}.Release|x86.ActiveCfg = Release|x86
		{00EAF632-037C-4124-B828-D7BDF6EC3AD1}.Release|x86.Build.0 = Release|x86
		{00EAF632-037C-4124-B828-D7BDF6EC3AD1}.Release|x86.Deploy.0 = Release|x86
		{4210AFCF-6DE5-42B2-9048-0D6E9BA763E4}.Debug|Any CPU.ActiveCfg = Debug|Any CPU
		{4210AFCF-6DE5-42B2-9048-0D6E9BA763E4}.Debug|Any CPU.Build.0 = Debug|Any CPU
		{4210AFCF-6DE5-42B2-9048-0D6E9BA763E4}.Debug|ARM.ActiveCfg = Debug|Any CPU
		{4210AFCF-6DE5-42B2-9048-0D6E9BA763E4}.Debug|ARM.Build.0 = Debug|Any CPU
		{4210AFCF-6DE5-42B2-9048-0D6E9BA763E4}.Debug|ARM64.ActiveCfg = Debug|Any CPU
		{4210AFCF-6DE5-42B2-9048-0D6E9BA763E4}.Debug|ARM64.Build.0 = Debug|Any CPU
		{4210AFCF-6DE5-42B2-9048-0D6E9BA763E4}.Debug|x64.ActiveCfg = Debug|Any CPU
		{4210AFCF-6DE5-42B2-9048-0D6E9BA763E4}.Debug|x64.Build.0 = Debug|Any CPU
		{4210AFCF-6DE5-42B2-9048-0D6E9BA763E4}.Debug|x86.ActiveCfg = Debug|Any CPU
		{4210AFCF-6DE5-42B2-9048-0D6E9BA763E4}.Debug|x86.Build.0 = Debug|Any CPU
		{4210AFCF-6DE5-42B2-9048-0D6E9BA763E4}.Release|Any CPU.ActiveCfg = Release|Any CPU
		{4210AFCF-6DE5-42B2-9048-0D6E9BA763E4}.Release|Any CPU.Build.0 = Release|Any CPU
		{4210AFCF-6DE5-42B2-9048-0D6E9BA763E4}.Release|ARM.ActiveCfg = Release|Any CPU
		{4210AFCF-6DE5-42B2-9048-0D6E9BA763E4}.Release|ARM.Build.0 = Release|Any CPU
		{4210AFCF-6DE5-42B2-9048-0D6E9BA763E4}.Release|ARM64.ActiveCfg = Release|Any CPU
		{4210AFCF-6DE5-42B2-9048-0D6E9BA763E4}.Release|ARM64.Build.0 = Release|Any CPU
		{4210AFCF-6DE5-42B2-9048-0D6E9BA763E4}.Release|x64.ActiveCfg = Release|Any CPU
		{4210AFCF-6DE5-42B2-9048-0D6E9BA763E4}.Release|x64.Build.0 = Release|Any CPU
		{4210AFCF-6DE5-42B2-9048-0D6E9BA763E4}.Release|x86.ActiveCfg = Release|Any CPU
		{4210AFCF-6DE5-42B2-9048-0D6E9BA763E4}.Release|x86.Build.0 = Release|Any CPU
		{0CCE320A-C032-4A0E-9E87-676CB3862B4A}.Debug|Any CPU.ActiveCfg = Debug|Any CPU
		{0CCE320A-C032-4A0E-9E87-676CB3862B4A}.Debug|Any CPU.Build.0 = Debug|Any CPU
		{0CCE320A-C032-4A0E-9E87-676CB3862B4A}.Debug|ARM.ActiveCfg = Debug|Any CPU
		{0CCE320A-C032-4A0E-9E87-676CB3862B4A}.Debug|ARM.Build.0 = Debug|Any CPU
		{0CCE320A-C032-4A0E-9E87-676CB3862B4A}.Debug|ARM64.ActiveCfg = Debug|Any CPU
		{0CCE320A-C032-4A0E-9E87-676CB3862B4A}.Debug|ARM64.Build.0 = Debug|Any CPU
		{0CCE320A-C032-4A0E-9E87-676CB3862B4A}.Debug|x64.ActiveCfg = Debug|Any CPU
		{0CCE320A-C032-4A0E-9E87-676CB3862B4A}.Debug|x64.Build.0 = Debug|Any CPU
		{0CCE320A-C032-4A0E-9E87-676CB3862B4A}.Debug|x86.ActiveCfg = Debug|Any CPU
		{0CCE320A-C032-4A0E-9E87-676CB3862B4A}.Debug|x86.Build.0 = Debug|Any CPU
		{0CCE320A-C032-4A0E-9E87-676CB3862B4A}.Release|Any CPU.ActiveCfg = Release|Any CPU
		{0CCE320A-C032-4A0E-9E87-676CB3862B4A}.Release|Any CPU.Build.0 = Release|Any CPU
		{0CCE320A-C032-4A0E-9E87-676CB3862B4A}.Release|ARM.ActiveCfg = Release|Any CPU
		{0CCE320A-C032-4A0E-9E87-676CB3862B4A}.Release|ARM.Build.0 = Release|Any CPU
		{0CCE320A-C032-4A0E-9E87-676CB3862B4A}.Release|ARM64.ActiveCfg = Release|Any CPU
		{0CCE320A-C032-4A0E-9E87-676CB3862B4A}.Release|ARM64.Build.0 = Release|Any CPU
		{0CCE320A-C032-4A0E-9E87-676CB3862B4A}.Release|x64.ActiveCfg = Release|Any CPU
		{0CCE320A-C032-4A0E-9E87-676CB3862B4A}.Release|x64.Build.0 = Release|Any CPU
		{0CCE320A-C032-4A0E-9E87-676CB3862B4A}.Release|x86.ActiveCfg = Release|Any CPU
		{0CCE320A-C032-4A0E-9E87-676CB3862B4A}.Release|x86.Build.0 = Release|Any CPU
	EndGlobalSection
	GlobalSection(SolutionProperties) = preSolution
		HideSolutionNode = FALSE
	EndGlobalSection
	GlobalSection(ExtensibilityGlobals) = postSolution
		SolutionGuid = {C667E928-FB68-47B4-84EE-C121D21C0753}
	EndGlobalSection
EndGlobal
