
Microsoft Visual Studio Solution File, Format Version 12.00
# Visual Studio Version 16
VisualStudioVersion = 16.0.29009.5
MinimumVisualStudioVersion = 10.0.40219.1
Project("{FAE04EC0-301F-11D3-BF4B-00C04F79EFBC}") = "BenchmarkWinForm", "BenchmarkWinForm\BenchmarkWinForm.csproj", "{F5C32B92-5A41-4DF9-9EA0-25B44FC254DF}"
EndProject
Project("{FAE04EC0-301F-11D3-BF4B-00C04F79EFBC}") = "BenchmarkWPF", "BenchmarkWPF\BenchmarkWPF.csproj", "{3E5B117C-7710-4829-B519-A0696D4E514B}"
EndProject
Project("{FAE04EC0-301F-11D3-BF4B-00C04F79EFBC}") = "BenchmarkUWP", "BenchmarkUWP\BenchmarkUWP.csproj", "{CBCCE962-146E-439F-9E62-E9037CE18CBA}"
EndProject
Global
	GlobalSection(SolutionConfigurationPlatforms) = preSolution
		Debug|Any CPU = Debug|Any CPU
		Debug|ARM = Debug|ARM
		Debug|ARM64 = Debug|ARM64
		Debug|x64 = Debug|x64
		Debug|x86 = Debug|x86
		Release|Any CPU = Release|Any CPU
		Release|ARM = Release|ARM
		Release|ARM64 = Release|ARM64
		Release|x64 = Release|x64
		Release|x86 = Release|x86
	EndGlobalSection
	GlobalSection(ProjectConfigurationPlatforms) = postSolution
		{F5C32B92-5A41-4DF9-9EA0-25B44FC254DF}.Debug|Any CPU.ActiveCfg = Debug|Any CPU
		{F5C32B92-5A41-4DF9-9EA0-25B44FC254DF}.Debug|Any CPU.Build.0 = Debug|Any CPU
		{F5C32B92-5A41-4DF9-9EA0-25B44FC254DF}.Debug|ARM.ActiveCfg = Debug|Any CPU
		{F5C32B92-5A41-4DF9-9EA0-25B44FC254DF}.Debug|ARM.Build.0 = Debug|Any CPU
		{F5C32B92-5A41-4DF9-9EA0-25B44FC254DF}.Debug|ARM64.ActiveCfg = Debug|Any CPU
		{F5C32B92-5A41-4DF9-9EA0-25B44FC254DF}.Debug|ARM64.Build.0 = Debug|Any CPU
		{F5C32B92-5A41-4DF9-9EA0-25B44FC254DF}.Debug|x64.ActiveCfg = Debug|Any CPU
		{F5C32B92-5A41-4DF9-9EA0-25B44FC254DF}.Debug|x64.Build.0 = Debug|Any CPU
		{F5C32B92-5A41-4DF9-9EA0-25B44FC254DF}.Debug|x86.ActiveCfg = Debug|Any CPU
		{F5C32B92-5A41-4DF9-9EA0-25B44FC254DF}.Debug|x86.Build.0 = Debug|Any CPU
		{F5C32B92-5A41-4DF9-9EA0-25B44FC254DF}.Release|Any CPU.ActiveCfg = Release|Any CPU
		{F5C32B92-5A41-4DF9-9EA0-25B44FC254DF}.Release|Any CPU.Build.0 = Release|Any CPU
		{F5C32B92-5A41-4DF9-9EA0-25B44FC254DF}.Release|ARM.ActiveCfg = Release|Any CPU
		{F5C32B92-5A41-4DF9-9EA0-25B44FC254DF}.Release|ARM.Build.0 = Release|Any CPU
		{F5C32B92-5A41-4DF9-9EA0-25B44FC254DF}.Release|ARM64.ActiveCfg = Release|Any CPU
		{F5C32B92-5A41-4DF9-9EA0-25B44FC254DF}.Release|ARM64.Build.0 = Release|Any CPU
		{F5C32B92-5A41-4DF9-9EA0-25B44FC254DF}.Release|x64.ActiveCfg = Release|Any CPU
		{F5C32B92-5A41-4DF9-9EA0-25B44FC254DF}.Release|x64.Build.0 = Release|Any CPU
		{F5C32B92-5A41-4DF9-9EA0-25B44FC254DF}.Release|x86.ActiveCfg = Release|Any CPU
		{F5C32B92-5A41-4DF9-9EA0-25B44FC254DF}.Release|x86.Build.0 = Release|Any CPU
		{3E5B117C-7710-4829-B519-A0696D4E514B}.Debug|Any CPU.ActiveCfg = Debug|Any CPU
		{3E5B117C-7710-4829-B519-A0696D4E514B}.Debug|Any CPU.Build.0 = Debug|Any CPU
		{3E5B117C-7710-4829-B519-A0696D4E514B}.Debug|ARM.ActiveCfg = Debug|Any CPU
		{3E5B117C-7710-4829-B519-A0696D4E514B}.Debug|ARM.Build.0 = Debug|Any CPU
		{3E5B117C-7710-4829-B519-A0696D4E514B}.Debug|ARM64.ActiveCfg = Debug|Any CPU
		{3E5B117C-7710-4829-B519-A0696D4E514B}.Debug|ARM64.Build.0 = Debug|Any CPU
		{3E5B117C-7710-4829-B519-A0696D4E514B}.Debug|x64.ActiveCfg = Debug|Any CPU
		{3E5B117C-7710-4829-B519-A0696D4E514B}.Debug|x64.Build.0 = Debug|Any CPU
		{3E5B117C-7710-4829-B519-A0696D4E514B}.Debug|x86.ActiveCfg = Debug|Any CPU
		{3E5B117C-7710-4829-B519-A0696D4E514B}.Debug|x86.Build.0 = Debug|Any CPU
		{3E5B117C-7710-4829-B519-A0696D4E514B}.Release|Any CPU.ActiveCfg = Release|Any CPU
		{3E5B117C-7710-4829-B519-A0696D4E514B}.Release|Any CPU.Build.0 = Release|Any CPU
		{3E5B117C-7710-4829-B519-A0696D4E514B}.Release|ARM.ActiveCfg = Release|Any CPU
		{3E5B117C-7710-4829-B519-A0696D4E514B}.Release|ARM.Build.0 = Release|Any CPU
		{3E5B117C-7710-4829-B519-A0696D4E514B}.Release|ARM64.ActiveCfg = Release|Any CPU
		{3E5B117C-7710-4829-B519-A0696D4E514B}.Release|ARM64.Build.0 = Release|Any CPU
		{3E5B117C-7710-4829-B519-A0696D4E514B}.Release|x64.ActiveCfg = Release|Any CPU
		{3E5B117C-7710-4829-B519-A0696D4E514B}.Release|x64.Build.0 = Release|Any CPU
		{3E5B117C-7710-4829-B519-A0696D4E514B}.Release|x86.ActiveCfg = Release|Any CPU
		{3E5B117C-7710-4829-B519-A0696D4E514B}.Release|x86.Build.0 = Release|Any CPU
		{CBCCE962-146E-439F-9E62-E9037CE18CBA}.Debug|Any CPU.ActiveCfg = Debug|x64
		{CBCCE962-146E-439F-9E62-E9037CE18CBA}.Debug|Any CPU.Build.0 = Debug|x64
		{CBCCE962-146E-439F-9E62-E9037CE18CBA}.Debug|Any CPU.Deploy.0 = Debug|x64
		{CBCCE962-146E-439F-9E62-E9037CE18CBA}.Debug|ARM.ActiveCfg = Debug|ARM
		{CBCCE962-146E-439F-9E62-E9037CE18CBA}.Debug|ARM.Build.0 = Debug|ARM
		{CBCCE962-146E-439F-9E62-E9037CE18CBA}.Debug|ARM.Deploy.0 = Debug|ARM
		{CBCCE962-146E-439F-9E62-E9037CE18CBA}.Debug|ARM64.ActiveCfg = Debug|ARM64
		{CBCCE962-146E-439F-9E62-E9037CE18CBA}.Debug|ARM64.Build.0 = Debug|ARM64
		{CBCCE962-146E-439F-9E62-E9037CE18CBA}.Debug|ARM64.Deploy.0 = Debug|ARM64
		{CBCCE962-146E-439F-9E62-E9037CE18CBA}.Debug|x64.ActiveCfg = Debug|x64
		{CBCCE962-146E-439F-9E62-E9037CE18CBA}.Debug|x64.Build.0 = Debug|x64
		{CBCCE962-146E-439F-9E62-E9037CE18CBA}.Debug|x64.Deploy.0 = Debug|x64
		{CBCCE962-146E-439F-9E62-E9037CE18CBA}.Debug|x86.ActiveCfg = Debug|x86
		{CBCCE962-146E-439F-9E62-E9037CE18CBA}.Debug|x86.Build.0 = Debug|x86
		{CBCCE962-146E-439F-9E62-E9037CE18CBA}.Debug|x86.Deploy.0 = Debug|x86
		{CBCCE962-146E-439F-9E62-E9037CE18CBA}.Release|Any CPU.ActiveCfg = Release|x86
		{CBCCE962-146E-439F-9E62-E9037CE18CBA}.Release|ARM.ActiveCfg = Release|ARM
		{CBCCE962-146E-439F-9E62-E9037CE18CBA}.Release|ARM.Build.0 = Release|ARM
		{CBCCE962-146E-439F-9E62-E9037CE18CBA}.Release|ARM.Deploy.0 = Release|ARM
		{CBCCE962-146E-439F-9E62-E9037CE18CBA}.Release|ARM64.ActiveCfg = Release|ARM64
		{CBCCE962-146E-439F-9E62-E9037CE18CBA}.Release|ARM64.Build.0 = Release|ARM64
		{CBCCE962-146E-439F-9E62-E9037CE18CBA}.Release|ARM64.Deploy.0 = Release|ARM64
		{CBCCE962-146E-439F-9E62-E9037CE18CBA}.Release|x64.ActiveCfg = Release|x64
		{CBCCE962-146E-439F-9E62-E9037CE18CBA}.Release|x64.Build.0 = Release|x64
		{CBCCE962-146E-439F-9E62-E9037CE18CBA}.Release|x64.Deploy.0 = Release|x64
		{CBCCE962-146E-439F-9E62-E9037CE18CBA}.Release|x86.ActiveCfg = Release|x86
		{CBCCE962-146E-439F-9E62-E9037CE18CBA}.Release|x86.Build.0 = Release|x86
		{CBCCE962-146E-439F-9E62-E9037CE18CBA}.Release|x86.Deploy.0 = Release|x86
	EndGlobalSection
	GlobalSection(SolutionProperties) = preSolution
		HideSolutionNode = FALSE
	EndGlobalSection
	GlobalSection(ExtensibilityGlobals) = postSolution
		SolutionGuid = {B323A30D-09C7-491C-95E9-CF82741545B5}
	EndGlobalSection
EndGlobal
