
Microsoft Visual Studio Solution File, Format Version 12.00
# Visual Studio 15
VisualStudioVersion = 15.0.28010.2046
MinimumVisualStudioVersion = 10.0.40219.1
Project("{9A19103F-16F7-4668-BE54-9A1E7A4F7556}") = "WebAppNetCore2", "WebAppNetCore2.csproj", "{FE3F2CA9-2686-4171-BDCF-62223E0209D0}"
EndProject
Project("{2150E333-8FDC-42A3-9474-1A3956D46DE8}") = "NuGet", "NuGet", "{B6FA426F-DC6D-40C3-A5A2-797D78E741DF}"
	ProjectSection(SolutionItems) = preProject
		nuget.config = nuget.config
	EndProjectSection
EndProject
Global
	GlobalSection(SolutionConfigurationPlatforms) = preSolution
		Debug|Any CPU = Debug|Any CPU
		Release|Any CPU = Release|Any CPU
	EndGlobalSection
	GlobalSection(ProjectConfigurationPlatforms) = postSolution
		{FE3F2CA9-2686-4171-BDCF-62223E0209D0}.Debug|Any CPU.ActiveCfg = Debug|Any CPU
		{FE3F2CA9-2686-4171-BDCF-62223E0209D0}.Debug|Any CPU.Build.0 = Debug|Any CPU
		{FE3F2CA9-2686-4171-BDCF-62223E0209D0}.Release|Any CPU.ActiveCfg = Release|Any CPU
		{FE3F2CA9-2686-4171-BDCF-62223E0209D0}.Release|Any CPU.Build.0 = Release|Any CPU
	EndGlobalSection
	GlobalSection(SolutionProperties) = preSolution
		HideSolutionNode = FALSE
	EndGlobalSection
	GlobalSection(ExtensibilityGlobals) = postSolution
		SolutionGuid = {A48B5FEB-8DDF-469B-9ADE-060F285F6AFF}
	EndGlobalSection
EndGlobal
